{
  "name": "digiasset-block-parser",
  "version": "0.5.2",
  "lockfileVersion": 1,
  "requires": true,
  "dependencies": {
    "@types/geojson": {
      "version": "1.0.6",
      "resolved": "https://registry.npmjs.org/@types/geojson/-/geojson-1.0.6.tgz",
      "integrity": "sha512-Xqg/lIZMrUd0VRmSRbCAewtwGZiAk3mEUDvV4op1tGl+LvyPcb/MIOSxTl9z+9+J+R4/vpjiCAT4xeKzH9ji1w=="
    },
    "@types/node": {
      "version": "13.7.0",
      "resolved": "https://registry.npmjs.org/@types/node/-/node-13.7.0.tgz",
      "integrity": "sha512-GnZbirvmqZUzMgkFn70c74OQpTTUcCzlhQliTzYjQMqg+hVKcDnxdL19Ne3UdYzdMA/+W3eb646FWn/ZaT1NfQ=="
    },
    "asn1": {
      "version": "0.2.4",
      "resolved": "https://registry.npmjs.org/asn1/-/asn1-0.2.4.tgz",
      "integrity": "sha512-jxwzQpLQjSmWXgwaCZE9Nz+glAG01yF1QnWgbhGwHI5A6FRIEY6IVqtHhIepHqI7/kyEyQEagBC5mBEFlIYvdg==",
      "requires": {
        "safer-buffer": "~2.1.0"
      }
    },
    "async": {
      "version": "1.5.2",
      "resolved": "https://registry.npmjs.org/async/-/async-1.5.2.tgz",
      "integrity": "sha1-7GphrlZIDAw8skHJVhjiCJL5Zyo="
    },
    "base-x": {
      "version": "3.0.7",
      "resolved": "https://registry.npmjs.org/base-x/-/base-x-3.0.7.tgz",
      "integrity": "sha512-zAKJGuQPihXW22fkrfOclUUZXM2g92z5GzlSMHxhO6r6Qj+Nm0ccaGNBzDZojzwOMkpjAv4J0fOv1U4go+a4iw==",
      "requires": {
        "safe-buffer": "^5.0.1"
      }
    },
    "bech32": {
      "version": "1.1.3",
      "resolved": "https://registry.npmjs.org/bech32/-/bech32-1.1.3.tgz",
      "integrity": "sha512-yuVFUvrNcoJi0sv5phmqc6P+Fl1HjRDRNOOkHY2X/3LBy2bIGNSFx4fZ95HMaXHupuS7cZR15AsvtmCIF4UEyg=="
    },
    "bigi": {
      "version": "1.4.2",
      "resolved": "https://registry.npmjs.org/bigi/-/bigi-1.4.2.tgz",
      "integrity": "sha1-nGZalfiLiwj8Bc/XMfVhhZ1yWCU="
    },
    "binstring": {
      "version": "0.2.1",
      "resolved": "https://registry.npmjs.org/binstring/-/binstring-0.2.1.tgz",
      "integrity": "sha1-ihdNMB9tVO/aVQ3Zi7TLUk6s110="
    },
    "bip66": {
      "version": "1.1.5",
      "resolved": "https://registry.npmjs.org/bip66/-/bip66-1.1.5.tgz",
      "integrity": "sha1-AfqHSHhcpwlV1QESF9GzE5lpyiI=",
      "requires": {
        "safe-buffer": "^5.0.1"
      }
    },
    "bitcoin-async": {
      "version": "1.0.0",
      "resolved": "https://registry.npmjs.org/bitcoin-async/-/bitcoin-async-1.0.0.tgz",
      "integrity": "sha1-zMYBkva8EJkQRnuFXRegsHjfsos="
    },
    "bitcoinjs-lib": {
      "version": "git://github.com/DigiByte-Core/bitcoinjs-lib.git#2d5fb18fbb4e785bee6cef1b28906987ea5cb505",
      "from": "git://github.com/DigiByte-Core/bitcoinjs-lib.git#2d5fb18fbb4e785bee6cef1b28906987ea5cb505",
      "requires": {
        "bigi": "^1.4.0",
        "bip66": "^1.1.0",
        "bs58check": "^1.0.5",
        "buffer-compare": "^1.1.0",
        "buffer-equals": "^1.0.3",
        "buffer-reverse": "^1.0.0",
        "create-hash": "^1.1.0",
        "create-hmac": "^1.1.3",
        "ecurve": "^1.0.0",
        "randombytes": "^2.0.1",
        "typeforce": "^1.6.2",
        "wif": "^1.1.0"
      }
    },
    "bluebird": {
      "version": "2.10.2",
      "resolved": "https://registry.npmjs.org/bluebird/-/bluebird-2.10.2.tgz",
      "integrity": "sha1-AkpVFylTCIV/FPkfEQb8O1VfRGs="
    },
    "bn.js": {
      "version": "4.11.8",
      "resolved": "https://registry.npmjs.org/bn.js/-/bn.js-4.11.8.tgz",
      "integrity": "sha512-ItfYfPLkWHUjckQCk8xC+LwxgK8NYcXywGigJgSwOP8Y2iyWT4f2vsZnoOXTTbo+o5yXmIUJ4gn5538SO5S3gA=="
    },
    "brorand": {
      "version": "1.1.0",
      "resolved": "https://registry.npmjs.org/brorand/-/brorand-1.1.0.tgz",
      "integrity": "sha1-EsJe/kCkXjwyPrhnWgoM5XsiNx8="
    },
    "bs58": {
      "version": "2.0.1",
      "resolved": "https://registry.npmjs.org/bs58/-/bs58-2.0.1.tgz",
      "integrity": "sha1-VZCNWPGYKrogCPob7Y+RmYopv40="
    },
    "bs58check": {
      "version": "1.0.8",
      "resolved": "https://registry.npmjs.org/bs58check/-/bs58check-1.0.8.tgz",
      "integrity": "sha1-WlFCNp5m8/y15Qfw2q/BMQ7f9HI=",
      "requires": {
        "bs58": "^2.0.1",
        "create-hash": "^1.1.0"
      }
    },
    "bson": {
      "version": "0.4.23",
      "resolved": "https://registry.npmjs.org/bson/-/bson-0.4.23.tgz",
      "integrity": "sha1-5louPHUH/63kEJvHV1p25Q+NqRU="
    },
    "buffer-compare": {
      "version": "1.1.1",
      "resolved": "https://registry.npmjs.org/buffer-compare/-/buffer-compare-1.1.1.tgz",
      "integrity": "sha1-W+e+hTr4kZjR9N3AkNHWakiu9ZY="
    },
    "buffer-equals": {
      "version": "1.0.4",
      "resolved": "https://registry.npmjs.org/buffer-equals/-/buffer-equals-1.0.4.tgz",
      "integrity": "sha1-A1O1T9B/2VZBcGca5vZrnPENJ/U="
    },
    "buffer-reverse": {
      "version": "1.0.1",
      "resolved": "https://registry.npmjs.org/buffer-reverse/-/buffer-reverse-1.0.1.tgz",
      "integrity": "sha1-SSg8jvpvkBvAH6MwTQYCeXGuL2A="
    },
    "cipher-base": {
      "version": "1.0.4",
      "resolved": "https://registry.npmjs.org/cipher-base/-/cipher-base-1.0.4.tgz",
      "integrity": "sha512-Kkht5ye6ZGmwv40uUDZztayT2ThLQGfnj/T71N/XzeZeo3nf8foyW7zGTsPYkEya3m5f3cAypH+qe7YOrM1U2Q==",
      "requires": {
        "inherits": "^2.0.1",
        "safe-buffer": "^5.0.1"
      }
    },
    "clone": {
      "version": "2.1.2",
      "resolved": "https://registry.npmjs.org/clone/-/clone-2.1.2.tgz",
      "integrity": "sha1-G39Ln1kfHo+DZwQBYANFoCiHQ18="
    },
    "cls-bluebird": {
      "version": "2.1.0",
      "resolved": "https://registry.npmjs.org/cls-bluebird/-/cls-bluebird-2.1.0.tgz",
      "integrity": "sha1-N+8eCAqP+1XC9BZPU28ZGeeWiu4=",
      "requires": {
        "is-bluebird": "^1.0.2",
        "shimmer": "^1.1.0"
      }
    },
    "core-util-is": {
      "version": "1.0.2",
      "resolved": "https://registry.npmjs.org/core-util-is/-/core-util-is-1.0.2.tgz",
      "integrity": "sha1-tf1UIgqivFq1eqtxQMlAdUUDwac="
    },
    "create-hash": {
      "version": "1.2.0",
      "resolved": "https://registry.npmjs.org/create-hash/-/create-hash-1.2.0.tgz",
      "integrity": "sha512-z00bCGNHDG8mHAkP7CtT1qVu+bFQUPjYq/4Iv3C3kWjTFV10zIjfSoeqXo9Asws8gwSHDGj/hl2u4OGIjapeCg==",
      "requires": {
        "cipher-base": "^1.0.1",
        "inherits": "^2.0.1",
        "md5.js": "^1.3.4",
        "ripemd160": "^2.0.1",
        "sha.js": "^2.4.0"
      }
    },
    "create-hmac": {
      "version": "1.1.7",
      "resolved": "https://registry.npmjs.org/create-hmac/-/create-hmac-1.1.7.tgz",
      "integrity": "sha512-MJG9liiZ+ogc4TzUwuvbER1JRdgvUFSB5+VR/g5h82fGaIRWMWddtKBHi7/sVhfjQZ6SehlyhvQYrcYkaUIpLg==",
      "requires": {
        "cipher-base": "^1.0.3",
        "create-hash": "^1.1.0",
        "inherits": "^2.0.1",
        "ripemd160": "^2.0.0",
        "safe-buffer": "^5.0.1",
        "sha.js": "^2.4.8"
      }
    },
    "crypto-hashing": {
      "version": "0.3.1",
      "resolved": "https://registry.npmjs.org/crypto-hashing/-/crypto-hashing-0.3.1.tgz",
      "integrity": "sha1-AZVUjbi971CqnVJlFMxUbh5i+84=",
      "requires": {
        "binstring": "0.2.x",
        "ripemd160": "~0.2.0"
      },
      "dependencies": {
        "ripemd160": {
          "version": "0.2.1",
          "resolved": "https://registry.npmjs.org/ripemd160/-/ripemd160-0.2.1.tgz",
          "integrity": "sha1-3uGSSKPhyBX/muo551OjN/VqJD0="
        }
      }
    },
    "debug": {
      "version": "2.2.0",
      "resolved": "https://registry.npmjs.org/debug/-/debug-2.2.0.tgz",
      "integrity": "sha1-+HBX6ZWxofauaklgZkE3vFbwOdo=",
      "requires": {
        "ms": "0.7.1"
      }
    },
    "depd": {
      "version": "1.1.2",
      "resolved": "https://registry.npmjs.org/depd/-/depd-1.1.2.tgz",
      "integrity": "sha1-m81S4UwJd2PnSbJ0xDRu0uVgtak="
    },
    "digiasset-assetid-encoder": {
      "version": "0.6.2",
      "resolved": "https://registry.npmjs.org/digiasset-assetid-encoder/-/digiasset-assetid-encoder-0.6.2.tgz",
      "integrity": "sha512-0KsYYztDEeR6WprTGu1Mp11XumU1ILVHwQGT4jGv7YAB37D03FVkFmH7in9QMe655rx8mbgPGrk2W9LODUkC7g==",
      "requires": {
        "bitcoinjs-lib": "git://github.com/DigiByte-Core/bitcoinjs-lib.git#2d5fb18fbb4e785bee6cef1b28906987ea5cb505",
        "bs58check": "1.0.8",
        "crypto-hashing": "0.3.1",
        "debug": "2.2.0"
      }
    },
    "digiasset-burn-payment-encoder": {
      "version": "1.1.0",
      "resolved": "https://registry.npmjs.org/digiasset-burn-payment-encoder/-/digiasset-burn-payment-encoder-1.1.0.tgz",
      "integrity": "sha512-tVAAjKDEVasRN0TAvD1i5paZptPTK2cQ2fCm5o0VQp7F5/E3TExfhUjPPZayCkqwDIm9oVco3mjRoA0rkfRn0g==",
      "requires": {
        "clone": "^2.0.0",
        "digiasset-payment-encoder": "^1.1.0"
      }
    },
    "digiasset-get-assets-outputs": {
      "version": "1.4.0",
      "resolved": "https://registry.npmjs.org/digiasset-get-assets-outputs/-/digiasset-get-assets-outputs-1.4.0.tgz",
      "integrity": "sha512-N4IUKEPmxD4hCSO1Dl0GHagE1MXUyUttTI+g/yvovqWiW1rhl9tqJn6j3HaK5gTsTk9d1tTUrD2U01+gP3pQCA==",
      "requires": {
        "debug": "^2.2.0",
        "digiasset-assetid-encoder": "^0.8.0",
        "lodash": "^4.6.1"
      },
      "dependencies": {
        "digiasset-assetid-encoder": {
          "version": "0.8.0",
          "resolved": "https://registry.npmjs.org/digiasset-assetid-encoder/-/digiasset-assetid-encoder-0.8.0.tgz",
          "integrity": "sha512-ShLn5FTBnEetHBieqQZ7mNSilDP0dT00WlnJBnE+46uY4FUgTkCclggMgqH+H5IWRjlHGIxtD9N7hZnheEnYeg==",
          "requires": {
            "bech32": "^1.1.3",
            "bs58check": "1.0.8",
            "crypto-hashing": "0.3.1",
            "debug": "2.2.0",
            "digibyte": "^0.15.8"
          }
        }
      }
    },
    "digiasset-issuance-encoder": {
      "version": "1.2.0",
      "resolved": "https://registry.npmjs.org/digiasset-issuance-encoder/-/digiasset-issuance-encoder-1.2.0.tgz",
      "integrity": "sha512-EQv2JdoKkIe4fd6r2jG8CwG1LE9dB5JQlZWVcyyIvowL2gyii0ar+z5AiAw6X64H/VaSGgwepZN99th8DK4kxA==",
      "requires": {
        "digiasset-payment-encoder": "^1.1.0",
        "sffc-encoder": "^0.1.9"
      }
    },
    "digiasset-payment-encoder": {
      "version": "1.1.0",
      "resolved": "https://registry.npmjs.org/digiasset-payment-encoder/-/digiasset-payment-encoder-1.1.0.tgz",
      "integrity": "sha512-6KD1BlxLLFwDs6GcfzftVHslHtd3KKvc5VYBPzFsHJHK3q1lclHKOJA9vanQ/zYIidUEYiwUffv0gz25QxJs7w==",
      "requires": {
        "sffc-encoder": "^0.1.9"
      }
    },
    "digiasset-transaction": {
      "version": "1.3.0",
      "resolved": "https://registry.npmjs.org/digiasset-transaction/-/digiasset-transaction-1.3.0.tgz",
      "integrity": "sha512-vTSIqmYVCuGXAvVjopqVQxb/jgnsp7t0XOfeXdcpi1/gXu/wjAnwSBYKx/w4YlDghxkMIVHhOEEwGXzJAfrSsA==",
      "requires": {
        "digiasset-issuance-encoder": "^1.2.0",
        "digiasset-transfer-encoder": "^1.2.0"
      }
    },
    "digiasset-transfer-encoder": {
      "version": "1.2.0",
      "resolved": "https://registry.npmjs.org/digiasset-transfer-encoder/-/digiasset-transfer-encoder-1.2.0.tgz",
      "integrity": "sha512-29C57thfnRgURenjiXdfjzG4Wr60dnm07QUBWVS1KIXUWwcSAr10rZdO2GoMNdY7LDH5GUeLsX9qrQ3BFNNTbw==",
      "requires": {
        "digiasset-burn-payment-encoder": "^1.1.0",
        "digiasset-payment-encoder": "^1.1.0"
      }
    },
    "digibyte": {
      "version": "0.15.8",
      "resolved": "https://registry.npmjs.org/digibyte/-/digibyte-0.15.8.tgz",
      "integrity": "sha512-l2D8t4g5CBEiowHDGYrsmxrHWYFT5Ebdwp9IzzoEtJXPQHWflMpvvLiuP+btVM4vZX0wz2rbOFIPMRJ97Qix/w==",
      "requires": {
        "bn.js": "=4.11.8",
        "bs58": "=4.0.1",
        "elliptic": "=6.4.0",
        "inherits": "=2.0.1",
        "lodash": "^4.17.15",
        "node-rsa": "^1.0.7",
        "sffc-encoder": "^0.1.9"
      },
      "dependencies": {
        "bs58": {
          "version": "4.0.1",
          "resolved": "https://registry.npmjs.org/bs58/-/bs58-4.0.1.tgz",
          "integrity": "sha1-vhYedsNU9veIrkBx9j806MTwpCo=",
          "requires": {
            "base-x": "^3.0.2"
          }
        },
        "inherits": {
          "version": "2.0.1",
          "resolved": "https://registry.npmjs.org/inherits/-/inherits-2.0.1.tgz",
          "integrity": "sha1-sX0I0ya0Qj5Wjv9xn5GwscvfafE="
        }
      }
    },
    "dottie": {
      "version": "2.0.2",
      "resolved": "https://registry.npmjs.org/dottie/-/dottie-2.0.2.tgz",
      "integrity": "sha512-fmrwR04lsniq/uSr8yikThDTrM7epXHBAAjH9TbeH3rEA8tdCO7mRzB9hdmdGyJCxF8KERo9CITcm3kGuoyMhg=="
    },
    "ecurve": {
      "version": "1.0.6",
      "resolved": "https://registry.npmjs.org/ecurve/-/ecurve-1.0.6.tgz",
      "integrity": "sha512-/BzEjNfiSuB7jIWKcS/z8FK9jNjmEWvUV2YZ4RLSmcDtP7Lq0m6FvDuSnJpBlDpGRpfRQeTLGLBI8H+kEv0r+w==",
      "requires": {
        "bigi": "^1.1.0",
        "safe-buffer": "^5.0.1"
      }
    },
    "elliptic": {
      "version": "6.4.0",
      "resolved": "https://registry.npmjs.org/elliptic/-/elliptic-6.4.0.tgz",
      "integrity": "sha1-ysmvh2LIWDYYcAPI3+GT5eLq5d8=",
      "requires": {
        "bn.js": "^4.4.0",
        "brorand": "^1.0.1",
        "hash.js": "^1.0.0",
        "hmac-drbg": "^1.0.0",
        "inherits": "^2.0.1",
        "minimalistic-assert": "^1.0.0",
        "minimalistic-crypto-utils": "^1.0.0"
      }
    },
    "es6-promise": {
      "version": "3.0.2",
      "resolved": "https://registry.npmjs.org/es6-promise/-/es6-promise-3.0.2.tgz",
      "integrity": "sha1-AQ1YWEI6XxGJeWZfRkhqlcbuK7Y="
    },
    "generic-pool": {
      "version": "3.5.0",
      "resolved": "https://registry.npmjs.org/generic-pool/-/generic-pool-3.5.0.tgz",
      "integrity": "sha512-dEkxmX+egB2o4NR80c/q+xzLLzLX+k68/K8xv81XprD+Sk7ZtP14VugeCz+fUwv5FzpWq40pPtAkzPRqT8ka9w=="
    },
    "hash-base": {
      "version": "3.0.4",
      "resolved": "https://registry.npmjs.org/hash-base/-/hash-base-3.0.4.tgz",
      "integrity": "sha1-X8hoaEfs1zSZQDMZprCj8/auSRg=",
      "requires": {
        "inherits": "^2.0.1",
        "safe-buffer": "^5.0.1"
      }
    },
    "hash.js": {
      "version": "1.1.7",
      "resolved": "https://registry.npmjs.org/hash.js/-/hash.js-1.1.7.tgz",
      "integrity": "sha512-taOaskGt4z4SOANNseOviYDvjEJinIkRgmp7LbKP2YTTmVxWBl87s/uzK9r+44BclBSp2X7K1hqeNfz9JbBeXA==",
      "requires": {
        "inherits": "^2.0.3",
        "minimalistic-assert": "^1.0.1"
      }
    },
    "hmac-drbg": {
      "version": "1.0.1",
      "resolved": "https://registry.npmjs.org/hmac-drbg/-/hmac-drbg-1.0.1.tgz",
      "integrity": "sha1-0nRXAQJabHdabFRXk+1QL8DGSaE=",
      "requires": {
        "hash.js": "^1.0.3",
        "minimalistic-assert": "^1.0.0",
        "minimalistic-crypto-utils": "^1.0.1"
      }
    },
    "hooks-fixed": {
      "version": "1.1.0",
      "resolved": "https://registry.npmjs.org/hooks-fixed/-/hooks-fixed-1.1.0.tgz",
      "integrity": "sha1-DowVM2cI5mERhf45C0RofdUjDbs="
    },
    "inflection": {
      "version": "1.12.0",
      "resolved": "https://registry.npmjs.org/inflection/-/inflection-1.12.0.tgz",
      "integrity": "sha1-ogCTVlbW9fa8TcdQLhrstwMihBY="
    },
    "inherits": {
      "version": "2.0.4",
      "resolved": "https://registry.npmjs.org/inherits/-/inherits-2.0.4.tgz",
      "integrity": "sha512-k/vGaX4/Yla3WzyMCvTQOXYeIHvqOKtnqBduzTHpzpQZzAskKMhZ2K+EnBiSM9zGSoIFeMpXKxa4dYeZIQqewQ=="
    },
    "is-bluebird": {
      "version": "1.0.2",
      "resolved": "https://registry.npmjs.org/is-bluebird/-/is-bluebird-1.0.2.tgz",
      "integrity": "sha1-CWQ5Bg9KpBGr7hkUOoTWpVNG1uI="
    },
    "isarray": {
      "version": "0.0.1",
      "resolved": "https://registry.npmjs.org/isarray/-/isarray-0.0.1.tgz",
      "integrity": "sha1-ihis/Kmo9Bd+Cav8YDiTmwXR7t8="
    },
    "kareem": {
      "version": "1.0.1",
      "resolved": "https://registry.npmjs.org/kareem/-/kareem-1.0.1.tgz",
      "integrity": "sha1-eAXSFbtTIU7Dr5aaHQsfF+PnuVw="
    },
    "lodash": {
      "version": "4.17.15",
      "resolved": "https://registry.npmjs.org/lodash/-/lodash-4.17.15.tgz",
      "integrity": "sha512-8xOcRHvCjnocdS5cpwXQXVzmmh5e5+saE2QGoeQmbKmRS6J3VQppPOIt0MnmE+4xlZoumy0GPG0D0MVIQbNA1A=="
    },
    "md5.js": {
      "version": "1.3.5",
      "resolved": "https://registry.npmjs.org/md5.js/-/md5.js-1.3.5.tgz",
      "integrity": "sha512-xitP+WxNPcTTOgnTJcrhM0xvdPepipPSf3I8EIpGKeFLjt3PlJLIDG3u8EX53ZIubkb+5U2+3rELYpEhHhzdkg==",
      "requires": {
        "hash-base": "^3.0.0",
        "inherits": "^2.0.1",
        "safe-buffer": "^5.1.2"
      }
    },
    "minimalistic-assert": {
      "version": "1.0.1",
      "resolved": "https://registry.npmjs.org/minimalistic-assert/-/minimalistic-assert-1.0.1.tgz",
      "integrity": "sha512-UtJcAD4yEaGtjPezWuO9wC4nwUnVH/8/Im3yEHQP4b67cXlD/Qr9hdITCU1xDbSEXg2XKNaP8jsReV7vQd00/A=="
    },
    "minimalistic-crypto-utils": {
      "version": "1.0.1",
      "resolved": "https://registry.npmjs.org/minimalistic-crypto-utils/-/minimalistic-crypto-utils-1.0.1.tgz",
      "integrity": "sha1-9sAMHAsIIkblxNmd+4x8CDsrWCo="
    },
    "moment": {
      "version": "2.24.0",
      "resolved": "https://registry.npmjs.org/moment/-/moment-2.24.0.tgz",
      "integrity": "sha512-bV7f+6l2QigeBBZSM/6yTNq4P2fNpSWj/0e7jQcy87A8e7o2nAfP/34/2ky5Vw4B9S446EtIhodAzkFCcR4dQg=="
    },
    "moment-timezone": {
      "version": "0.5.27",
      "resolved": "https://registry.npmjs.org/moment-timezone/-/moment-timezone-0.5.27.tgz",
      "integrity": "sha512-EIKQs7h5sAsjhPCqN6ggx6cEbs94GK050254TIJySD1bzoM5JTYDwAU1IoVOeTOL6Gm27kYJ51/uuvq1kIlrbw==",
      "requires": {
        "moment": ">= 2.9.0"
      }
    },
    "mongodb": {
      "version": "2.1.18",
      "resolved": "https://registry.npmjs.org/mongodb/-/mongodb-2.1.18.tgz",
      "integrity": "sha1-KNQLUVsr5NWmn/3UxTXw30MuQJc=",
      "requires": {
        "es6-promise": "3.0.2",
        "mongodb-core": "1.3.18",
        "readable-stream": "1.0.31"
      }
    },
    "mongodb-core": {
      "version": "1.3.18",
      "resolved": "https://registry.npmjs.org/mongodb-core/-/mongodb-core-1.3.18.tgz",
      "integrity": "sha1-kGhLO3xzVtZa41Y5HTCw8kiATHo=",
      "requires": {
        "bson": "~0.4.23",
        "require_optional": "~1.0.0"
      }
    },
    "mongoose": {
      "version": "4.4.20",
      "resolved": "https://registry.npmjs.org/mongoose/-/mongoose-4.4.20.tgz",
      "integrity": "sha1-6XT/tq6MUPQJgBqEl6mOnztR8t0=",
      "requires": {
        "async": "1.5.2",
        "bson": "~0.4.23",
        "hooks-fixed": "1.1.0",
        "kareem": "1.0.1",
        "mongodb": "2.1.18",
        "mpath": "0.2.1",
        "mpromise": "0.5.5",
        "mquery": "1.11.0",
        "ms": "0.7.1",
        "muri": "1.1.0",
        "regexp-clone": "0.0.1",
        "sliced": "1.0.1"
      }
    },
    "mpath": {
      "version": "0.2.1",
      "resolved": "https://registry.npmjs.org/mpath/-/mpath-0.2.1.tgz",
      "integrity": "sha1-Ok6Ck1mAHeljCcJ6ay4QLon56W4="
    },
    "mpromise": {
      "version": "0.5.5",
      "resolved": "https://registry.npmjs.org/mpromise/-/mpromise-0.5.5.tgz",
      "integrity": "sha1-9bJCWddjrMIlewoMjG2Gb9UXMuY="
    },
    "mquery": {
      "version": "1.11.0",
      "resolved": "https://registry.npmjs.org/mquery/-/mquery-1.11.0.tgz",
      "integrity": "sha1-4MZd7bEDftv2z7iCYud3/uI1Udk=",
      "requires": {
        "bluebird": "2.10.2",
        "debug": "2.2.0",
        "regexp-clone": "0.0.1",
        "sliced": "0.0.5"
      },
      "dependencies": {
        "sliced": {
          "version": "0.0.5",
          "resolved": "https://registry.npmjs.org/sliced/-/sliced-0.0.5.tgz",
          "integrity": "sha1-XtwETKTrb3gW1Qui/GPiXY/kcH8="
        }
      }
    },
    "ms": {
      "version": "0.7.1",
      "resolved": "https://registry.npmjs.org/ms/-/ms-0.7.1.tgz",
      "integrity": "sha1-nNE8A62/8ltl7/3nzoZO6VIBcJg="
    },
    "muri": {
      "version": "1.1.0",
      "resolved": "https://registry.npmjs.org/muri/-/muri-1.1.0.tgz",
      "integrity": "sha1-o6bXTmiogPQzokmnSWnLtmXMCt0="
    },
    "node-rsa": {
      "version": "1.0.7",
      "resolved": "https://registry.npmjs.org/node-rsa/-/node-rsa-1.0.7.tgz",
      "integrity": "sha512-idwRXma6scFufZmbaKkHpJoLL93yynRefP6yur13wZ5i9FR35ex451KCoF2OORDeJanyRVahmjjiwmUlCnTqJA==",
      "requires": {
        "asn1": "^0.2.4"
      }
    },
    "nodejs-sql": {
      "version": "git+https://github.com/oleiba/nodejs-sql.git#3ccda272fc99d5afb0d185d94e1a279953e90844",
      "from": "git+https://github.com/oleiba/nodejs-sql.git",
      "requires": {
        "lodash": "^4.13.1"
      }
    },
    "randombytes": {
      "version": "2.1.0",
      "resolved": "https://registry.npmjs.org/randombytes/-/randombytes-2.1.0.tgz",
      "integrity": "sha512-vYl3iOX+4CKUWuxGi9Ukhie6fsqXqS9FE2Zaic4tNFD2N2QQaXOMFbuKK4QmDHC0JO6B1Zp41J0LpT0oR68amQ==",
      "requires": {
        "safe-buffer": "^5.1.0"
      }
    },
    "readable-stream": {
      "version": "1.0.31",
      "resolved": "https://registry.npmjs.org/readable-stream/-/readable-stream-1.0.31.tgz",
      "integrity": "sha1-jyUC4LyeOw2huUUgqrtOJgPsr64=",
      "requires": {
        "core-util-is": "~1.0.0",
        "inherits": "~2.0.1",
        "isarray": "0.0.1",
        "string_decoder": "~0.10.x"
      }
    },
    "regexp-clone": {
      "version": "0.0.1",
      "resolved": "https://registry.npmjs.org/regexp-clone/-/regexp-clone-0.0.1.tgz",
      "integrity": "sha1-p8LgmJH9vzj7sQ03b7cwA+aKxYk="
    },
    "require_optional": {
      "version": "1.0.1",
      "resolved": "https://registry.npmjs.org/require_optional/-/require_optional-1.0.1.tgz",
      "integrity": "sha512-qhM/y57enGWHAe3v/NcwML6a3/vfESLe/sGM2dII+gEO0BpKRUkWZow/tyloNqJyN6kXSl3RyyM8Ll5D/sJP8g==",
      "requires": {
        "resolve-from": "^2.0.0",
        "semver": "^5.1.0"
      }
    },
    "resolve-from": {
      "version": "2.0.0",
      "resolved": "https://registry.npmjs.org/resolve-from/-/resolve-from-2.0.0.tgz",
      "integrity": "sha1-lICrIOlP+h2egKgEx+oUdhGWa1c="
    },
    "retry-as-promised": {
      "version": "2.3.2",
      "resolved": "https://registry.npmjs.org/retry-as-promised/-/retry-as-promised-2.3.2.tgz",
      "integrity": "sha1-zZdO5P2bX+A8vzGHHuSCIcB3N7c=",
      "requires": {
        "bluebird": "^3.4.6",
        "debug": "^2.6.9"
      },
      "dependencies": {
        "bluebird": {
          "version": "3.7.2",
          "resolved": "https://registry.npmjs.org/bluebird/-/bluebird-3.7.2.tgz",
          "integrity": "sha512-XpNj6GDQzdfW+r2Wnn7xiSAd7TM3jzkxGXBGTtWKuSXv1xUV+azxAm8jdWZN06QTQk+2N2XB9jRDkvbmQmcRtg=="
        },
        "debug": {
          "version": "2.6.9",
          "resolved": "https://registry.npmjs.org/debug/-/debug-2.6.9.tgz",
          "integrity": "sha512-bC7ElrdJaJnPbAP+1EotYvqZsb3ecl5wi6Bfi6BJTUcNowp6cvspg0jXznRTKDjm/E7AdgFBVeAPVMNcKGsHMA==",
          "requires": {
            "ms": "2.0.0"
          }
        },
        "ms": {
          "version": "2.0.0",
          "resolved": "https://registry.npmjs.org/ms/-/ms-2.0.0.tgz",
          "integrity": "sha1-VgiurfwAvmwpAd9fmGF4jeDVl8g="
        }
      }
    },
    "ripemd160": {
      "version": "2.0.2",
      "resolved": "https://registry.npmjs.org/ripemd160/-/ripemd160-2.0.2.tgz",
      "integrity": "sha512-ii4iagi25WusVoiC4B4lq7pbXfAp3D9v5CwfkY33vffw2+pkDjY1D8GaN7spsxvCSx8dkPqOZCEZyfxcmJG2IA==",
      "requires": {
        "hash-base": "^3.0.0",
        "inherits": "^2.0.1"
      }
    },
    "safe-buffer": {
      "version": "5.2.0",
      "resolved": "https://registry.npmjs.org/safe-buffer/-/safe-buffer-5.2.0.tgz",
      "integrity": "sha512-fZEwUGbVl7kouZs1jCdMLdt95hdIv0ZeHg6L7qPeciMZhZ+/gdesW4wgTARkrFWEpspjEATAzUGPG8N2jJiwbg=="
    },
    "safer-buffer": {
      "version": "2.1.2",
      "resolved": "https://registry.npmjs.org/safer-buffer/-/safer-buffer-2.1.2.tgz",
      "integrity": "sha512-YZo3K82SD7Riyi0E1EQPojLz7kpepnSQI9IyPbHHg1XXXevb5dJI7tpyN2ADxGcQbHG7vcyRHk0cbwqcQriUtg=="
    },
    "semver": {
      "version": "5.7.1",
      "resolved": "https://registry.npmjs.org/semver/-/semver-5.7.1.tgz",
      "integrity": "sha512-sauaDf/PZdVgrLTNYHRtpXa1iRiKcaebiKQ1BJdpQlWH2lCvexQdX55snPFyK7QzpudqbCI0qXFfOasHdyNDGQ=="
    },
    "sequelize": {
      "version": "4.44.3",
      "resolved": "https://registry.npmjs.org/sequelize/-/sequelize-4.44.3.tgz",
      "integrity": "sha512-r2A4EVDKRCcABcZhY4ItvbcosvMJKpQMooxg/S8ouRFrZzqMPQ9O2thOUfgW59q8ZcEa5ccNeqwg15MCciqPMg==",
      "requires": {
        "bluebird": "^3.5.0",
        "cls-bluebird": "^2.1.0",
        "debug": "^3.1.0",
        "depd": "^1.1.0",
        "dottie": "^2.0.0",
        "generic-pool": "3.5.0",
        "inflection": "1.12.0",
        "lodash": "^4.17.1",
        "moment": "^2.20.0",
        "moment-timezone": "^0.5.14",
        "retry-as-promised": "^2.3.2",
        "semver": "^5.5.0",
        "terraformer-wkt-parser": "^1.1.2",
        "toposort-class": "^1.0.1",
        "uuid": "^3.2.1",
        "validator": "^10.4.0",
        "wkx": "^0.4.1"
      },
      "dependencies": {
        "bluebird": {
          "version": "3.7.2",
          "resolved": "https://registry.npmjs.org/bluebird/-/bluebird-3.7.2.tgz",
          "integrity": "sha512-XpNj6GDQzdfW+r2Wnn7xiSAd7TM3jzkxGXBGTtWKuSXv1xUV+azxAm8jdWZN06QTQk+2N2XB9jRDkvbmQmcRtg=="
        },
        "debug": {
          "version": "3.2.6",
          "resolved": "https://registry.npmjs.org/debug/-/debug-3.2.6.tgz",
          "integrity": "sha512-mel+jf7nrtEl5Pn1Qx46zARXKDpBbvzezse7p7LqINmdoIk8PYP5SySaxEmYv6TZ0JyEKA1hsCId6DIhgITtWQ==",
          "requires": {
            "ms": "^2.1.1"
          }
        },
        "ms": {
          "version": "2.1.2",
          "resolved": "https://registry.npmjs.org/ms/-/ms-2.1.2.tgz",
          "integrity": "sha512-sGkPx+VjMtmA6MX27oA4FBFELFCZZ4S4XqeGOXCv68tT+jb3vk/RyaKWP0PTKyWtmLSM0b+adUTEvbs1PEaH2w=="
        }
      }
    },
    "sffc-encoder": {
      "version": "0.1.12",
      "resolved": "https://registry.npmjs.org/sffc-encoder/-/sffc-encoder-0.1.12.tgz",
      "integrity": "sha1-RXanuwJ5H1/EyUwnbTa8gDp93LM="
    },
    "sha.js": {
      "version": "2.4.11",
      "resolved": "https://registry.npmjs.org/sha.js/-/sha.js-2.4.11.tgz",
      "integrity": "sha512-QMEp5B7cftE7APOjk5Y6xgrbWu+WkLVQwk8JNjZ8nKRciZaByEW6MubieAiToS7+dwvrjGhH8jRXz3MVd0AYqQ==",
      "requires": {
        "inherits": "^2.0.1",
        "safe-buffer": "^5.0.1"
      }
    },
    "shimmer": {
      "version": "1.2.1",
      "resolved": "https://registry.npmjs.org/shimmer/-/shimmer-1.2.1.tgz",
      "integrity": "sha512-sQTKC1Re/rM6XyFM6fIAGHRPVGvyXfgzIDvzoq608vM+jeyVD0Tu1E6Np0Kc2zAIFWIj963V2800iF/9LPieQw=="
    },
    "sliced": {
      "version": "1.0.1",
      "resolved": "https://registry.npmjs.org/sliced/-/sliced-1.0.1.tgz",
      "integrity": "sha1-CzpmK10Ewxd7GSa+qCsD+Dei70E="
    },
    "squel": {
      "version": "5.13.0",
      "resolved": "https://registry.npmjs.org/squel/-/squel-5.13.0.tgz",
      "integrity": "sha512-Fzd8zqbuqNwzodO3yO6MkX8qiDoVBuwqAaa3eKNz4idhBf24IQHbatBhLUiHAGGl962eGvPVRxzRuFWZlSf49w=="
    },
    "string_decoder": {
      "version": "0.10.31",
      "resolved": "https://registry.npmjs.org/string_decoder/-/string_decoder-0.10.31.tgz",
      "integrity": "sha1-YuIDvEF2bGwoyfyEMB2rHFMQ+pQ="
    },
    "terraformer": {
      "version": "1.0.10",
      "resolved": "https://registry.npmjs.org/terraformer/-/terraformer-1.0.10.tgz",
      "integrity": "sha512-5c6cAfKTZHAeRdT8sIRRidhN1w+vsmf3RmQn+PKksFhTUnsBtjQdbJG2vaxM6T47IU2EeR1S8t8UjTYY9Q1yJA==",
      "requires": {
        "@types/geojson": "^7946.0.0 || ^1.0.0"
      }
    },
    "terraformer-wkt-parser": {
      "version": "1.2.1",
      "resolved": "https://registry.npmjs.org/terraformer-wkt-parser/-/terraformer-wkt-parser-1.2.1.tgz",
      "integrity": "sha512-+CJyNLWb3lJ9RsZMTM66BY0MT3yIo4l4l22Jd9CrZuwzk54fsu4Sc7zejuS9fCITTuTQy3p06d4MZMVI7v5wSg==",
      "requires": {
        "@types/geojson": "^1.0.0",
        "terraformer": "~1.0.5"
      }
    },
    "toposort-class": {
      "version": "1.0.1",
      "resolved": "https://registry.npmjs.org/toposort-class/-/toposort-class-1.0.1.tgz",
      "integrity": "sha1-f/0feMi+KMO6Rc1OGj9e4ZO9mYg="
    },
    "typeforce": {
      "version": "1.18.0",
      "resolved": "https://registry.npmjs.org/typeforce/-/typeforce-1.18.0.tgz",
      "integrity": "sha512-7uc1O8h1M1g0rArakJdf0uLRSSgFcYexrVoKo+bzJd32gd4gDy2L/Z+8/FjPnU9ydY3pEnVPtr9FyscYY60K1g=="
    },
    "uuid": {
      "version": "3.4.0",
      "resolved": "https://registry.npmjs.org/uuid/-/uuid-3.4.0.tgz",
      "integrity": "sha512-HjSDRw6gZE5JMggctHBcjVak08+KEVhSIiDzFnT9S9aegmp85S/bReBVTb4QTFaRNptJ9kuYaNhnbNEOkbKb/A=="
    },
    "validator": {
      "version": "10.11.0",
      "resolved": "https://registry.npmjs.org/validator/-/validator-10.11.0.tgz",
      "integrity": "sha512-X/p3UZerAIsbBfN/IwahhYaBbY68EN/UQBWHtsbXGT5bfrH/p4NQzUCG1kF/rtKaNpnJ7jAu6NGTdSNtyNIXMw=="
    },
    "wif": {
      "version": "1.2.1",
      "resolved": "https://registry.npmjs.org/wif/-/wif-1.2.1.tgz",
      "integrity": "sha1-qoGlfcH+yGtIT7509KtfZftR4EM=",
      "requires": {
        "bs58check": "^1.0.6"
      }
    },
    "wkx": {
      "version": "0.4.8",
      "resolved": "https://registry.npmjs.org/wkx/-/wkx-0.4.8.tgz",
      "integrity": "sha512-ikPXMM9IR/gy/LwiOSqWlSL3X/J5uk9EO2hHNRXS41eTLXaUFEVw9fn/593jW/tE5tedNg8YjT5HkCa4FqQZyQ==",
      "requires": {
        "@types/node": "*"
      }
    }
  }
}
